// !$*UTF8*$!
{
	archiveVersion = 1;
	classes = {
	};
	objectVersion = 48;
	objects = {

/* Begin PBXBuildFile section */
		843722E51F94AFCB000E3DE7 /* DefaultShapesViewController.swift in Sources */ = {isa = PBXBuildFile; fileRef = 843722E41F94AFCB000E3DE7 /* DefaultShapesViewController.swift */; };
		8470D7341F96059700B4D095 /* RelativePositioningViewController.swift in Sources */ = {isa = PBXBuildFile; fileRef = 8470D7331F96059700B4D095 /* RelativePositioningViewController.swift */; };
		8470D7361F962DA600B4D095 /* RotationsViewController.swift in Sources */ = {isa = PBXBuildFile; fileRef = 8470D7351F962DA600B4D095 /* RotationsViewController.swift */; };
		849AC1A01F8FA91A000B6CC2 /* AppDelegate.swift in Sources */ = {isa = PBXBuildFile; fileRef = 849AC19F1F8FA91A000B6CC2 /* AppDelegate.swift */; };
		849AC1A21F8FA91A000B6CC2 /* AddBoxVC.swift in Sources */ = {isa = PBXBuildFile; fileRef = 849AC1A11F8FA91A000B6CC2 /* AddBoxVC.swift */; };
		849AC1A51F8FA91A000B6CC2 /* Main.storyboard in Resources */ = {isa = PBXBuildFile; fileRef = 849AC1A31F8FA91A000B6CC2 /* Main.storyboard */; };
		849AC1A71F8FA91A000B6CC2 /* Assets.xcassets in Resources */ = {isa = PBXBuildFile; fileRef = 849AC1A61F8FA91A000B6CC2 /* Assets.xcassets */; };
		849AC1AA1F8FA91A000B6CC2 /* LaunchScreen.storyboard in Resources */ = {isa = PBXBuildFile; fileRef = 849AC1A81F8FA91A000B6CC2 /* LaunchScreen.storyboard */; };
		849AC1B51F8FA91B000B6CC2 /* World_TrackingTests.swift in Sources */ = {isa = PBXBuildFile; fileRef = 849AC1B41F8FA91B000B6CC2 /* World_TrackingTests.swift */; };
		849AC1C01F8FA91B000B6CC2 /* World_TrackingUITests.swift in Sources */ = {isa = PBXBuildFile; fileRef = 849AC1BF1F8FA91B000B6CC2 /* World_TrackingUITests.swift */; };
		84DFFEF21F92104000CAA0E7 /* ResetWorldOriginViewController.swift in Sources */ = {isa = PBXBuildFile; fileRef = 84DFFEF11F92104000CAA0E7 /* ResetWorldOriginViewController.swift */; };
		84DFFEF41F92336B00CAA0E7 /* RandomPositionObjectViewController.swift in Sources */ = {isa = PBXBuildFile; fileRef = 84DFFEF31F92336B00CAA0E7 /* RandomPositionObjectViewController.swift */; };
/* End PBXBuildFile section */

/* Begin PBXContainerItemProxy section */
		849AC1B11F8FA91B000B6CC2 /* PBXContainerItemProxy */ = {
			isa = PBXContainerItemProxy;
			containerPortal = 849AC1941F8FA91A000B6CC2 /* Project object */;
			proxyType = 1;
			remoteGlobalIDString = 849AC19B1F8FA91A000B6CC2;
			remoteInfo = "World Tracking";
		};
		849AC1BC1F8FA91B000B6CC2 /* PBXContainerItemProxy */ = {
			isa = PBXContainerItemProxy;
			containerPortal = 849AC1941F8FA91A000B6CC2 /* Project object */;
			proxyType = 1;
			remoteGlobalIDString = 849AC19B1F8FA91A000B6CC2;
			remoteInfo = "World Tracking";
		};
/* End PBXContainerItemProxy section */

/* Begin PBXFileReference section */
		843722E41F94AFCB000E3DE7 /* DefaultShapesViewController.swift */ = {isa = PBXFileReference; lastKnownFileType = sourcecode.swift; path = DefaultShapesViewController.swift; sourceTree = "<group>"; };
		8470D7331F96059700B4D095 /* RelativePositioningViewController.swift */ = {isa = PBXFileReference; lastKnownFileType = sourcecode.swift; path = RelativePositioningViewController.swift; sourceTree = "<group>"; };
		8470D7351F962DA600B4D095 /* RotationsViewController.swift */ = {isa = PBXFileReference; lastKnownFileType = sourcecode.swift; path = RotationsViewController.swift; sourceTree = "<group>"; };
		849AC19C1F8FA91A000B6CC2 /* World Tracking.app */ = {isa = PBXFileReference; explicitFileType = wrapper.application; includeInIndex = 0; path = "World Tracking.app"; sourceTree = BUILT_PRODUCTS_DIR; };
		849AC19F1F8FA91A000B6CC2 /* AppDelegate.swift */ = {isa = PBXFileReference; lastKnownFileType = sourcecode.swift; path = AppDelegate.swift; sourceTree = "<group>"; };
		849AC1A11F8FA91A000B6CC2 /* AddBoxVC.swift */ = {isa = PBXFileReference; lastKnownFileType = sourcecode.swift; path = AddBoxVC.swift; sourceTree = "<group>"; };
		849AC1A41F8FA91A000B6CC2 /* Base */ = {isa = PBXFileReference; lastKnownFileType = file.storyboard; name = Base; path = Base.lproj/Main.storyboard; sourceTree = "<group>"; };
		849AC1A61F8FA91A000B6CC2 /* Assets.xcassets */ = {isa = PBXFileReference; lastKnownFileType = folder.assetcatalog; path = Assets.xcassets; sourceTree = "<group>"; };
		849AC1A91F8FA91A000B6CC2 /* Base */ = {isa = PBXFileReference; lastKnownFileType = file.storyboard; name = Base; path = Base.lproj/LaunchScreen.storyboard; sourceTree = "<group>"; };
		849AC1AB1F8FA91A000B6CC2 /* Info.plist */ = {isa = PBXFileReference; lastKnownFileType = text.plist.xml; path = Info.plist; sourceTree = "<group>"; };
		849AC1B01F8FA91B000B6CC2 /* World TrackingTests.xctest */ = {isa = PBXFileReference; explicitFileType = wrapper.cfbundle; includeInIndex = 0; path = "World TrackingTests.xctest"; sourceTree = BUILT_PRODUCTS_DIR; };
		849AC1B41F8FA91B000B6CC2 /* World_TrackingTests.swift */ = {isa = PBXFileReference; lastKnownFileType = sourcecode.swift; path = World_TrackingTests.swift; sourceTree = "<group>"; };
		849AC1B61F8FA91B000B6CC2 /* Info.plist */ = {isa = PBXFileReference; lastKnownFileType = text.plist.xml; path = Info.plist; sourceTree = "<group>"; };
		849AC1BB1F8FA91B000B6CC2 /* World TrackingUITests.xctest */ = {isa = PBXFileReference; explicitFileType = wrapper.cfbundle; includeInIndex = 0; path = "World TrackingUITests.xctest"; sourceTree = BUILT_PRODUCTS_DIR; };
		849AC1BF1F8FA91B000B6CC2 /* World_TrackingUITests.swift */ = {isa = PBXFileReference; lastKnownFileType = sourcecode.swift; path = World_TrackingUITests.swift; sourceTree = "<group>"; };
		849AC1C11F8FA91B000B6CC2 /* Info.plist */ = {isa = PBXFileReference; lastKnownFileType = text.plist.xml; path = Info.plist; sourceTree = "<group>"; };
		84DFFEF11F92104000CAA0E7 /* ResetWorldOriginViewController.swift */ = {isa = PBXFileReference; lastKnownFileType = sourcecode.swift; path = ResetWorldOriginViewController.swift; sourceTree = "<group>"; };
		84DFFEF31F92336B00CAA0E7 /* RandomPositionObjectViewController.swift */ = {isa = PBXFileReference; lastKnownFileType = sourcecode.swift; path = RandomPositionObjectViewController.swift; sourceTree = "<group>"; };
/* End PBXFileReference section */

/* Begin PBXFrameworksBuildPhase section */
		849AC1991F8FA91A000B6CC2 /* Frameworks */ = {
			isa = PBXFrameworksBuildPhase;
			buildActionMask = 2147483647;
			files = (
			);
			runOnlyForDeploymentPostprocessing = 0;
		};
		849AC1AD1F8FA91B000B6CC2 /* Frameworks */ = {
			isa = PBXFrameworksBuildPhase;
			buildActionMask = 2147483647;
			files = (
			);
			runOnlyForDeploymentPostprocessing = 0;
		};
		849AC1B81F8FA91B000B6CC2 /* Frameworks */ = {
			isa = PBXFrameworksBuildPhase;
			buildActionMask = 2147483647;
			files = (
			);
			runOnlyForDeploymentPostprocessing = 0;
		};
/* End PBXFrameworksBuildPhase section */

/* Begin PBXGroup section */
		849AC1931F8FA91A000B6CC2 = {
			isa = PBXGroup;
			children = (
				849AC19E1F8FA91A000B6CC2 /* World Tracking */,
				849AC1B31F8FA91B000B6CC2 /* World TrackingTests */,
				849AC1BE1F8FA91B000B6CC2 /* World TrackingUITests */,
				849AC19D1F8FA91A000B6CC2 /* Products */,
			);
			sourceTree = "<group>";
		};
		849AC19D1F8FA91A000B6CC2 /* Products */ = {
			isa = PBXGroup;
			children = (
				849AC19C1F8FA91A000B6CC2 /* World Tracking.app */,
				849AC1B01F8FA91B000B6CC2 /* World TrackingTests.xctest */,
				849AC1BB1F8FA91B000B6CC2 /* World TrackingUITests.xctest */,
			);
			name = Products;
			sourceTree = "<group>";
		};
		849AC19E1F8FA91A000B6CC2 /* World Tracking */ = {
			isa = PBXGroup;
			children = (
				849AC19F1F8FA91A000B6CC2 /* AppDelegate.swift */,
				849AC1A11F8FA91A000B6CC2 /* AddBoxVC.swift */,
				84DFFEF11F92104000CAA0E7 /* ResetWorldOriginViewController.swift */,
				84DFFEF31F92336B00CAA0E7 /* RandomPositionObjectViewController.swift */,
				843722E41F94AFCB000E3DE7 /* DefaultShapesViewController.swift */,
				8470D7331F96059700B4D095 /* RelativePositioningViewController.swift */,
				8470D7351F962DA600B4D095 /* RotationsViewController.swift */,
				849AC1A31F8FA91A000B6CC2 /* Main.storyboard */,
				849AC1A61F8FA91A000B6CC2 /* Assets.xcassets */,
				849AC1A81F8FA91A000B6CC2 /* LaunchScreen.storyboard */,
				849AC1AB1F8FA91A000B6CC2 /* Info.plist */,
			);
			path = "World Tracking";
			sourceTree = "<group>";
		};
		849AC1B31F8FA91B000B6CC2 /* World TrackingTests */ = {
			isa = PBXGroup;
			children = (
				849AC1B41F8FA91B000B6CC2 /* World_TrackingTests.swift */,
				849AC1B61F8FA91B000B6CC2 /* Info.plist */,
			);
			path = "World TrackingTests";
			sourceTree = "<group>";
		};
		849AC1BE1F8FA91B000B6CC2 /* World TrackingUITests */ = {
			isa = PBXGroup;
			children = (
				849AC1BF1F8FA91B000B6CC2 /* World_TrackingUITests.swift */,
				849AC1C11F8FA91B000B6CC2 /* Info.plist */,
			);
			path = "World TrackingUITests";
			sourceTree = "<group>";
		};
/* End PBXGroup section */

/* Begin PBXNativeTarget section */
		849AC19B1F8FA91A000B6CC2 /* World Tracking */ = {
			isa = PBXNativeTarget;
			buildConfigurationList = 849AC1C41F8FA91B000B6CC2 /* Build configuration list for PBXNativeTarget "World Tracking" */;
			buildPhases = (
				849AC1981F8FA91A000B6CC2 /* Sources */,
				849AC1991F8FA91A000B6CC2 /* Frameworks */,
				849AC19A1F8FA91A000B6CC2 /* Resources */,
			);
			buildRules = (
			);
			dependencies = (
			);
			name = "World Tracking";
			productName = "World Tracking";
			productReference = 849AC19C1F8FA91A000B6CC2 /* World Tracking.app */;
			productType = "com.apple.product-type.application";
		};
		849AC1AF1F8FA91B000B6CC2 /* World TrackingTests */ = {
			isa = PBXNativeTarget;
			buildConfigurationList = 849AC1C71F8FA91B000B6CC2 /* Build configuration list for PBXNativeTarget "World TrackingTests" */;
			buildPhases = (
				849AC1AC1F8FA91B000B6CC2 /* Sources */,
				849AC1AD1F8FA91B000B6CC2 /* Frameworks */,
				849AC1AE1F8FA91B000B6CC2 /* Resources */,
			);
			buildRules = (
			);
			dependencies = (
				849AC1B21F8FA91B000B6CC2 /* PBXTargetDependency */,
			);
			name = "World TrackingTests";
			productName = "World TrackingTests";
			productReference = 849AC1B01F8FA91B000B6CC2 /* World TrackingTests.xctest */;
			productType = "com.apple.product-type.bundle.unit-test";
		};
		849AC1BA1F8FA91B000B6CC2 /* World TrackingUITests */ = {
			isa = PBXNativeTarget;
			buildConfigurationList = 849AC1CA1F8FA91B000B6CC2 /* Build configuration list for PBXNativeTarget "World TrackingUITests" */;
			buildPhases = (
				849AC1B71F8FA91B000B6CC2 /* Sources */,
				849AC1B81F8FA91B000B6CC2 /* Frameworks */,
				849AC1B91F8FA91B000B6CC2 /* Resources */,
			);
			buildRules = (
			);
			dependencies = (
				849AC1BD1F8FA91B000B6CC2 /* PBXTargetDependency */,
			);
			name = "World TrackingUITests";
			productName = "World TrackingUITests";
			productReference = 849AC1BB1F8FA91B000B6CC2 /* World TrackingUITests.xctest */;
			productType = "com.apple.product-type.bundle.ui-testing";
		};
/* End PBXNativeTarget section */

/* Begin PBXProject section */
		849AC1941F8FA91A000B6CC2 /* Project object */ = {
			isa = PBXProject;
			attributes = {
				LastSwiftUpdateCheck = 0900;
				LastUpgradeCheck = 0900;
				ORGANIZATIONNAME = admin;
				TargetAttributes = {
					849AC19B1F8FA91A000B6CC2 = {
						CreatedOnToolsVersion = 9.0;
						ProvisioningStyle = Automatic;
					};
					849AC1AF1F8FA91B000B6CC2 = {
						CreatedOnToolsVersion = 9.0;
						ProvisioningStyle = Automatic;
						TestTargetID = 849AC19B1F8FA91A000B6CC2;
					};
					849AC1BA1F8FA91B000B6CC2 = {
						CreatedOnToolsVersion = 9.0;
						ProvisioningStyle = Automatic;
						TestTargetID = 849AC19B1F8FA91A000B6CC2;
					};
				};
			};
			buildConfigurationList = 849AC1971F8FA91A000B6CC2 /* Build configuration list for PBXProject "World Tracking" */;
			compatibilityVersion = "Xcode 8.0";
			developmentRegion = en;
			hasScannedForEncodings = 0;
			knownRegions = (
				en,
				Base,
			);
			mainGroup = 849AC1931F8FA91A000B6CC2;
			productRefGroup = 849AC19D1F8FA91A000B6CC2 /* Products */;
			projectDirPath = "";
			projectRoot = "";
			targets = (
				849AC19B1F8FA91A000B6CC2 /* World Tracking */,
				849AC1AF1F8FA91B000B6CC2 /* World TrackingTests */,
				849AC1BA1F8FA91B000B6CC2 /* World TrackingUITests */,
			);
		};
/* End PBXProject section */

/* Begin PBXResourcesBuildPhase section */
		849AC19A1F8FA91A000B6CC2 /* Resources */ = {
			isa = PBXResourcesBuildPhase;
			buildActionMask = 2147483647;
			files = (
				849AC1AA1F8FA91A000B6CC2 /* LaunchScreen.storyboard in Resources */,
				849AC1A71F8FA91A000B6CC2 /* Assets.xcassets in Resources */,
				849AC1A51F8FA91A000B6CC2 /* Main.storyboard in Resources */,
			);
			runOnlyForDeploymentPostprocessing = 0;
		};
		849AC1AE1F8FA91B000B6CC2 /* Resources */ = {
			isa = PBXResourcesBuildPhase;
			buildActionMask = 2147483647;
			files = (
			);
			runOnlyForDeploymentPostprocessing = 0;
		};
		849AC1B91F8FA91B000B6CC2 /* Resources */ = {
			isa = PBXResourcesBuildPhase;
			buildActionMask = 2147483647;
			files = (
			);
			runOnlyForDeploymentPostprocessing = 0;
		};
/* End PBXResourcesBuildPhase section */

/* Begin PBXSourcesBuildPhase section */
		849AC1981F8FA91A000B6CC2 /* Sources */ = {
			isa = PBXSourcesBuildPhase;
			buildActionMask = 2147483647;
			files = (
				843722E51F94AFCB000E3DE7 /* DefaultShapesViewController.swift in Sources */,
				8470D7361F962DA600B4D095 /* RotationsViewController.swift in Sources */,
				849AC1A21F8FA91A000B6CC2 /* AddBoxVC.swift in Sources */,
				8470D7341F96059700B4D095 /* RelativePositioningViewController.swift in Sources */,
				849AC1A01F8FA91A000B6CC2 /* AppDelegate.swift in Sources */,
				84DFFEF21F92104000CAA0E7 /* ResetWorldOriginViewController.swift in Sources */,
				84DFFEF41F92336B00CAA0E7 /* RandomPositionObjectViewController.swift in Sources */,
			);
			runOnlyForDeploymentPostprocessing = 0;
		};
		849AC1AC1F8FA91B000B6CC2 /* Sources */ = {
			isa = PBXSourcesBuildPhase;
			buildActionMask = 2147483647;
			files = (
				849AC1B51F8FA91B000B6CC2 /* World_TrackingTests.swift in Sources */,
			);
			runOnlyForDeploymentPostprocessing = 0;
		};
		849AC1B71F8FA91B000B6CC2 /* Sources */ = {
			isa = PBXSourcesBuildPhase;
			buildActionMask = 2147483647;
			files = (
				849AC1C01F8FA91B000B6CC2 /* World_TrackingUITests.swift in Sources */,
			);
			runOnlyForDeploymentPostprocessing = 0;
		};
/* End PBXSourcesBuildPhase section */

/* Begin PBXTargetDependency section */
		849AC1B21F8FA91B000B6CC2 /* PBXTargetDependency */ = {
			isa = PBXTargetDependency;
			target = 849AC19B1F8FA91A000B6CC2 /* World Tracking */;
			targetProxy = 849AC1B11F8FA91B000B6CC2 /* PBXContainerItemProxy */;
		};
		849AC1BD1F8FA91B000B6CC2 /* PBXTargetDependency */ = {
			isa = PBXTargetDependency;
			target = 849AC19B1F8FA91A000B6CC2 /* World Tracking */;
			targetProxy = 849AC1BC1F8FA91B000B6CC2 /* PBXContainerItemProxy */;
		};
/* End PBXTargetDependency section */

/* Begin PBXVariantGroup section */
		849AC1A31F8FA91A000B6CC2 /* Main.storyboard */ = {
			isa = PBXVariantGroup;
			children = (
				849AC1A41F8FA91A000B6CC2 /* Base */,
			);
			name = Main.storyboard;
			sourceTree = "<group>";
		};
		849AC1A81F8FA91A000B6CC2 /* LaunchScreen.storyboard */ = {
			isa = PBXVariantGroup;
			children = (
				849AC1A91F8FA91A000B6CC2 /* Base */,
			);
			name = LaunchScreen.storyboard;
			sourceTree = "<group>";
		};
/* End PBXVariantGroup section */

/* Begin XCBuildConfiguration section */
		849AC1C21F8FA91B000B6CC2 /* Debug */ = {
			isa = XCBuildConfiguration;
			buildSettings = {
				ALWAYS_SEARCH_USER_PATHS = NO;
				CLANG_ANALYZER_NONNULL = YES;
				CLANG_ANALYZER_NUMBER_OBJECT_CONVERSION = YES_AGGRESSIVE;
				CLANG_CXX_LANGUAGE_STANDARD = "gnu++14";
				CLANG_CXX_LIBRARY = "libc++";
				CLANG_ENABLE_MODULES = YES;
				CLANG_ENABLE_OBJC_ARC = YES;
				CLANG_WARN_BLOCK_CAPTURE_AUTORELEASING = YES;
				CLANG_WARN_BOOL_CONVERSION = YES;
				CLANG_WARN_COMMA = YES;
				CLANG_WARN_CONSTANT_CONVERSION = YES;
				CLANG_WARN_DIRECT_OBJC_ISA_USAGE = YES_ERROR;
				CLANG_WARN_DOCUMENTATION_COMMENTS = YES;
				CLANG_WARN_EMPTY_BODY = YES;
				CLANG_WARN_ENUM_CONVERSION = YES;
				CLANG_WARN_INFINITE_RECURSION = YES;
				CLANG_WARN_INT_CONVERSION = YES;
				CLANG_WARN_NON_LITERAL_NULL_CONVERSION = YES;
				CLANG_WARN_OBJC_LITERAL_CONVERSION = YES;
				CLANG_WARN_OBJC_ROOT_CLASS = YES_ERROR;
				CLANG_WARN_RANGE_LOOP_ANALYSIS = YES;
				CLANG_WARN_STRICT_PROTOTYPES = YES;
				CLANG_WARN_SUSPICIOUS_MOVE = YES;
				CLANG_WARN_UNGUARDED_AVAILABILITY = YES_AGGRESSIVE;
				CLANG_WARN_UNREACHABLE_CODE = YES;
				CLANG_WARN__DUPLICATE_METHOD_MATCH = YES;
				CODE_SIGN_IDENTITY = "iPhone Developer";
				COPY_PHASE_STRIP = NO;
				DEBUG_INFORMATION_FORMAT = dwarf;
				ENABLE_STRICT_OBJC_MSGSEND = YES;
				ENABLE_TESTABILITY = YES;
				GCC_C_LANGUAGE_STANDARD = gnu11;
				GCC_DYNAMIC_NO_PIC = NO;
				GCC_NO_COMMON_BLOCKS = YES;
				GCC_OPTIMIZATION_LEVEL = 0;
				GCC_PREPROCESSOR_DEFINITIONS = (
					"DEBUG=1",
					"$(inherited)",
				);
				GCC_WARN_64_TO_32_BIT_CONVERSION = YES;
				GCC_WARN_ABOUT_RETURN_TYPE = YES_ERROR;
				GCC_WARN_UNDECLARED_SELECTOR = YES;
				GCC_WARN_UNINITIALIZED_AUTOS = YES_AGGRESSIVE;
				GCC_WARN_UNUSED_FUNCTION = YES;
				GCC_WARN_UNUSED_VARIABLE = YES;
				IPHONEOS_DEPLOYMENT_TARGET = 11.0;
				MTL_ENABLE_DEBUG_INFO = YES;
				ONLY_ACTIVE_ARCH = YES;
				SDKROOT = iphoneos;
				SWIFT_ACTIVE_COMPILATION_CONDITIONS = DEBUG;
				SWIFT_OPTIMIZATION_LEVEL = "-Onone";
			};
			name = Debug;
		};
		849AC1C31F8FA91B000B6CC2 /* Release */ = {
			isa = XCBuildConfiguration;
			buildSettings = {
				ALWAYS_SEARCH_USER_PATHS = NO;
				CLANG_ANALYZER_NONNULL = YES;
				CLANG_ANALYZER_NUMBER_OBJECT_CONVERSION = YES_AGGRESSIVE;
				CLANG_CXX_LANGUAGE_STANDARD = "gnu++14";
				CLANG_CXX_LIBRARY = "libc++";
				CLANG_ENABLE_MODULES = YES;
				CLANG_ENABLE_OBJC_ARC = YES;
				CLANG_WARN_BLOCK_CAPTURE_AUTORELEASING = YES;
				CLANG_WARN_BOOL_CONVERSION = YES;
				CLANG_WARN_COMMA = YES;
				CLANG_WARN_CONSTANT_CONVERSION = YES;
				CLANG_WARN_DIRECT_OBJC_ISA_USAGE = YES_ERROR;
				CLANG_WARN_DOCUMENTATION_COMMENTS = YES;
				CLANG_WARN_EMPTY_BODY = YES;
				CLANG_WARN_ENUM_CONVERSION = YES;
				CLANG_WARN_INFINITE_RECURSION = YES;
				CLANG_WARN_INT_CONVERSION = YES;
				CLANG_WARN_NON_LITERAL_NULL_CONVERSION = YES;
				CLANG_WARN_OBJC_LITERAL_CONVERSION = YES;
				CLANG_WARN_OBJC_ROOT_CLASS = YES_ERROR;
				CLANG_WARN_RANGE_LOOP_ANALYSIS = YES;
				CLANG_WARN_STRICT_PROTOTYPES = YES;
				CLANG_WARN_SUSPICIOUS_MOVE = YES;
				CLANG_WARN_UNGUARDED_AVAILABILITY = YES_AGGRESSIVE;
				CLANG_WARN_UNREACHABLE_CODE = YES;
				CLANG_WARN__DUPLICATE_METHOD_MATCH = YES;
				CODE_SIGN_IDENTITY = "iPhone Developer";
				COPY_PHASE_STRIP = NO;
				DEBUG_INFORMATION_FORMAT = "dwarf-with-dsym";
				ENABLE_NS_ASSERTIONS = NO;
				ENABLE_STRICT_OBJC_MSGSEND = YES;
				GCC_C_LANGUAGE_STANDARD = gnu11;
				GCC_NO_COMMON_BLOCKS = YES;
				GCC_WARN_64_TO_32_BIT_CONVERSION = YES;
				GCC_WARN_ABOUT_RETURN_TYPE = YES_ERROR;
				GCC_WARN_UNDECLARED_SELECTOR = YES;
				GCC_WARN_UNINITIALIZED_AUTOS = YES_AGGRESSIVE;
				GCC_WARN_UNUSED_FUNCTION = YES;
				GCC_WARN_UNUSED_VARIABLE = YES;
				IPHONEOS_DEPLOYMENT_TARGET = 11.0;
				MTL_ENABLE_DEBUG_INFO = NO;
				SDKROOT = iphoneos;
				SWIFT_OPTIMIZATION_LEVEL = "-Owholemodule";
				VALIDATE_PRODUCT = YES;
			};
			name = Release;
		};
		849AC1C51F8FA91B000B6CC2 /* Debug */ = {
			isa = XCBuildConfiguration;
			buildSettings = {
				ASSETCATALOG_COMPILER_APPICON_NAME = AppIcon;
				CODE_SIGN_STYLE = Automatic;
				DEVELOPMENT_TEAM = SUBZ24DP5B;
				INFOPLIST_FILE = "World Tracking/Info.plist";
				LD_RUNPATH_SEARCH_PATHS = "$(inherited) @executable_path/Frameworks";
				PRODUCT_BUNDLE_IDENTIFIER = "com.panacloud.World-Tracking";
				PRODUCT_NAME = "$(TARGET_NAME)";
				SWIFT_VERSION = 4.0;
				TARGETED_DEVICE_FAMILY = "1,2";
			};
			name = Debug;
		};
		849AC1C61F8FA91B000B6CC2 /* Release */ = {
			isa = XCBuildConfiguration;
			buildSettings = {
				ASSETCATALOG_COMPILER_APPICON_NAME = AppIcon;
				CODE_SIGN_STYLE = Automatic;
				DEVELOPMENT_TEAM = SUBZ24DP5B;
				INFOPLIST_FILE = "World Tracking/Info.plist";
				LD_RUNPATH_SEARCH_PATHS = "$(inherited) @executable_path/Frameworks";
				PRODUCT_BUNDLE_IDENTIFIER = "com.panacloud.World-Tracking";
				PRODUCT_NAME = "$(TARGET_NAME)";
				SWIFT_VERSION = 4.0;
				TARGETED_DEVICE_FAMILY = "1,2";
			};
			name = Release;
		};
		849AC1C81F8FA91B000B6CC2 /* Debug */ = {
			isa = XCBuildConfiguration;
			buildSettings = {
				ALWAYS_EMBED_SWIFT_STANDARD_LIBRARIES = YES;
				BUNDLE_LOADER = "$(TEST_HOST)";
				CODE_SIGN_STYLE = Automatic;
				INFOPLIST_FILE = "World TrackingTests/Info.plist";
				LD_RUNPATH_SEARCH_PATHS = "$(inherited) @executable_path/Frameworks @loader_path/Frameworks";
				PRODUCT_BUNDLE_IDENTIFIER = "com.panacloud.World-TrackingTests";
				PRODUCT_NAME = "$(TARGET_NAME)";
				SWIFT_VERSION = 4.0;
				TARGETED_DEVICE_FAMILY = "1,2";
				TEST_HOST = "$(BUILT_PRODUCTS_DIR)/World Tracking.app/World Tracking";
			};
			name = Debug;
		};
		849AC1C91F8FA91B000B6CC2 /* Release */ = {
			isa = XCBuildConfiguration;
			buildSettings = {
				ALWAYS_EMBED_SWIFT_STANDARD_LIBRARIES = YES;
				BUNDLE_LOADER = "$(TEST_HOST)";
				CODE_SIGN_STYLE = Automatic;
				INFOPLIST_FILE = "World TrackingTests/Info.plist";
				LD_RUNPATH_SEARCH_PATHS = "$(inherited) @executable_path/Frameworks @loader_path/Frameworks";
				PRODUCT_BUNDLE_IDENTIFIER = "com.panacloud.World-TrackingTests";
				PRODUCT_NAME = "$(TARGET_NAME)";
				SWIFT_VERSION = 4.0;
				TARGETED_DEVICE_FAMILY = "1,2";
				TEST_HOST = "$(BUILT_PRODUCTS_DIR)/World Tracking.app/World Tracking";
			};
			name = Release;
		};
		849AC1CB1F8FA91B000B6CC2 /* Debug */ = {
			isa = XCBuildConfiguration;
			buildSettings = {
				ALWAYS_EMBED_SWIFT_STANDARD_LIBRARIES = YES;
				CODE_SIGN_STYLE = Automatic;
				INFOPLIST_FILE = "World TrackingUITests/Info.plist";
				LD_RUNPATH_SEARCH_PATHS = "$(inherited) @executable_path/Frameworks @loader_path/Frameworks";
				PRODUCT_BUNDLE_IDENTIFIER = "com.panacloud.World-TrackingUITests";
				PRODUCT_NAME = "$(TARGET_NAME)";
				SWIFT_VERSION = 4.0;
				TARGETED_DEVICE_FAMILY = "1,2";
				TEST_TARGET_NAME = "World Tracking";
			};
			name = Debug;
		};
		849AC1CC1F8FA91B000B6CC2 /* Release */ = {
			isa = XCBuildConfiguration;
			buildSettings = {
				ALWAYS_EMBED_SWIFT_STANDARD_LIBRARIES = YES;
				CODE_SIGN_STYLE = Automatic;
				INFOPLIST_FILE = "World TrackingUITests/Info.plist";
				LD_RUNPATH_SEARCH_PATHS = "$(inherited) @executable_path/Frameworks @loader_path/Frameworks";
				PRODUCT_BUNDLE_IDENTIFIER = "com.panacloud.World-TrackingUITests";
				PRODUCT_NAME = "$(TARGET_NAME)";
				SWIFT_VERSION = 4.0;
				TARGETED_DEVICE_FAMILY = "1,2";
				TEST_TARGET_NAME = "World Tracking";
			};
			name = Release;
		};
/* End XCBuildConfiguration section */

/* Begin XCConfigurationList section */
		849AC1971F8FA91A000B6CC2 /* Build configuration list for PBXProject "World Tracking" */ = {
			isa = XCConfigurationList;
			buildConfigurations = (
				849AC1C21F8FA91B000B6CC2 /* Debug */,
				849AC1C31F8FA91B000B6CC2 /* Release */,
			);
			defaultConfigurationIsVisible = 0;
			defaultConfigurationName = Release;
		};
		849AC1C41F8FA91B000B6CC2 /* Build configuration list for PBXNativeTarget "World Tracking" */ = {
			isa = XCConfigurationList;
			buildConfigurations = (
				849AC1C51F8FA91B000B6CC2 /* Debug */,
				849AC1C61F8FA91B000B6CC2 /* Release */,
			);
			defaultConfigurationIsVisible = 0;
			defaultConfigurationName = Release;
		};
		849AC1C71F8FA91B000B6CC2 /* Build configuration list for PBXNativeTarget "World TrackingTests" */ = {
			isa = XCConfigurationList;
			buildConfigurations = (
				849AC1C81F8FA91B000B6CC2 /* Debug */,
				849AC1C91F8FA91B000B6CC2 /* Release */,
			);
			defaultConfigurationIsVisible = 0;
			defaultConfigurationName = Release;
		};
		849AC1CA1F8FA91B000B6CC2 /* Build configuration list for PBXNativeTarget "World TrackingUITests" */ = {
			isa = XCConfigurationList;
			buildConfigurations = (
				849AC1CB1F8FA91B000B6CC2 /* Debug */,
				849AC1CC1F8FA91B000B6CC2 /* Release */,
			);
			defaultConfigurationIsVisible = 0;
			defaultConfigurationName = Release;
		};
/* End XCConfigurationList section */
	};
	rootObject = 849AC1941F8FA91A000B6CC2 /* Project object */;
}
